
Microsoft Visual Studio Solution File, Format Version 12.00
# Visual Studio 15
VisualStudioVersion = 15.0.26730.12
MinimumVisualStudioVersion = 10.0.40219.1
Project("{2150E333-8FDC-42A3-9474-1A3956D46DE8}") = "02.DAT", "02.DAT", "{3D8D9E7A-AE95-440C-A23D-F0A92E2A55BE}"
EndProject
Project("{2150E333-8FDC-42A3-9474-1A3956D46DE8}") = "03.APP", "03.APP", "{2D0935BD-116C-4A0E-AC51-0825EDB59572}"
EndProject
Project("{2150E333-8FDC-42A3-9474-1A3956D46DE8}") = "04.Web", "04.Web", "{56CCEAA6-8C54-40F2-B9EC-6BB47270DF41}"
EndProject
Project("{FAE04EC0-301F-11D3-BF4B-00C04F79EFBC}") = "WsDatCustAcco_Dao", "01.DAT\WsDatCustAcco_Dao\WsDatCustAcco_Dao.csproj", "{16C539F2-F89C-47E4-BE7D-A219BE7F9999}"
EndProject
Project("{FAE04EC0-301F-11D3-BF4B-00C04F79EFBC}") = "WsDatCustAcco_Common", "01.DAT\WsDatCustAcco_Common\WsDatCustAcco_Common.csproj", "{BAFCA2D4-723E-4A11-B6D3-4EF3AB962C60}"
EndProject
Project("{FAE04EC0-301F-11D3-BF4B-00C04F79EFBC}") = "WsAppCustAcco_Common", "02.APP\WsAppCustAcco_Common\WsAppCustAcco_Common.csproj", "{DB91B863-A7E9-4C32-A4C1-679FF58A4147}"
EndProject
Project("{FAE04EC0-301F-11D3-BF4B-00C04F79EFBC}") = "WsAppCustAcco", "02.APP\WsAppCustAcco\WsAppCustAcco.csproj", "{EA71074E-2722-49DC-AC8E-3A331811C1C5}"
EndProject
Project("{FAE04EC0-301F-11D3-BF4B-00C04F79EFBC}") = "WB_CustAcco.Web_Common", "03.Web\WB_CustAcco.Web_Common\WB_CustAcco.Web_Common.csproj", "{23F9BCC0-0FEA-4167-8F51-DA85183CDC90}"
EndProject
Project("{2150E333-8FDC-42A3-9474-1A3956D46DE8}") = "01.Common", "01.Common", "{4469293F-42C2-4583-9C2B-EC6B634E1324}"
EndProject
Project("{FAE04EC0-301F-11D3-BF4B-00C04F79EFBC}") = "WsComCustAcco_Common", "04.Common\WsComCustAcco_Common\WsComCustAcco_Common.csproj", "{C5184A56-27D9-46B0-9B28-6BFB53C7BB25}"
EndProject
Project("{FAE04EC0-301F-11D3-BF4B-00C04F79EFBC}") = "WB_CustAcco.Web", "03.Web\WB_CustAcco.Web\WB_CustAcco.Web.csproj", "{3799C1DF-927E-487F-97FE-5A724271D08C}"
EndProject
Global
	GlobalSection(SolutionConfigurationPlatforms) = preSolution
		Debug|Any CPU = Debug|Any CPU
		Release|Any CPU = Release|Any CPU
	EndGlobalSection
	GlobalSection(ProjectConfigurationPlatforms) = postSolution
		{16C539F2-F89C-47E4-BE7D-A219BE7F9999}.Debug|Any CPU.ActiveCfg = Debug|Any CPU
		{16C539F2-F89C-47E4-BE7D-A219BE7F9999}.Debug|Any CPU.Build.0 = Debug|Any CPU
		{16C539F2-F89C-47E4-BE7D-A219BE7F9999}.Release|Any CPU.ActiveCfg = Release|Any CPU
		{16C539F2-F89C-47E4-BE7D-A219BE7F9999}.Release|Any CPU.Build.0 = Release|Any CPU
		{BAFCA2D4-723E-4A11-B6D3-4EF3AB962C60}.Debug|Any CPU.ActiveCfg = Debug|Any CPU
		{BAFCA2D4-723E-4A11-B6D3-4EF3AB962C60}.Debug|Any CPU.Build.0 = Debug|Any CPU
		{BAFCA2D4-723E-4A11-B6D3-4EF3AB962C60}.Release|Any CPU.ActiveCfg = Release|Any CPU
		{BAFCA2D4-723E-4A11-B6D3-4EF3AB962C60}.Release|Any CPU.Build.0 = Release|Any CPU
		{DB91B863-A7E9-4C32-A4C1-679FF58A4147}.Debug|Any CPU.ActiveCfg = Debug|Any CPU
		{DB91B863-A7E9-4C32-A4C1-679FF58A4147}.Debug|Any CPU.Build.0 = Debug|Any CPU
		{DB91B863-A7E9-4C32-A4C1-679FF58A4147}.Release|Any CPU.ActiveCfg = Release|Any CPU
		{DB91B863-A7E9-4C32-A4C1-679FF58A4147}.Release|Any CPU.Build.0 = Release|Any CPU
		{EA71074E-2722-49DC-AC8E-3A331811C1C5}.Debug|Any CPU.ActiveCfg = Debug|Any CPU
		{EA71074E-2722-49DC-AC8E-3A331811C1C5}.Debug|Any CPU.Build.0 = Debug|Any CPU
		{EA71074E-2722-49DC-AC8E-3A331811C1C5}.Release|Any CPU.ActiveCfg = Release|Any CPU
		{EA71074E-2722-49DC-AC8E-3A331811C1C5}.Release|Any CPU.Build.0 = Release|Any CPU
		{23F9BCC0-0FEA-4167-8F51-DA85183CDC90}.Debug|Any CPU.ActiveCfg = Debug|Any CPU
		{23F9BCC0-0FEA-4167-8F51-DA85183CDC90}.Debug|Any CPU.Build.0 = Debug|Any CPU
		{23F9BCC0-0FEA-4167-8F51-DA85183CDC90}.Release|Any CPU.ActiveCfg = Release|Any CPU
		{23F9BCC0-0FEA-4167-8F51-DA85183CDC90}.Release|Any CPU.Build.0 = Release|Any CPU
		{C5184A56-27D9-46B0-9B28-6BFB53C7BB25}.Debug|Any CPU.ActiveCfg = Debug|Any CPU
		{C5184A56-27D9-46B0-9B28-6BFB53C7BB25}.Debug|Any CPU.Build.0 = Debug|Any CPU
		{C5184A56-27D9-46B0-9B28-6BFB53C7BB25}.Release|Any CPU.ActiveCfg = Release|Any CPU
		{C5184A56-27D9-46B0-9B28-6BFB53C7BB25}.Release|Any CPU.Build.0 = Release|Any CPU
		{3799C1DF-927E-487F-97FE-5A724271D08C}.Debug|Any CPU.ActiveCfg = Debug|Any CPU
		{3799C1DF-927E-487F-97FE-5A724271D08C}.Debug|Any CPU.Build.0 = Debug|Any CPU
		{3799C1DF-927E-487F-97FE-5A724271D08C}.Release|Any CPU.ActiveCfg = Release|Any CPU
		{3799C1DF-927E-487F-97FE-5A724271D08C}.Release|Any CPU.Build.0 = Release|Any CPU
	EndGlobalSection
	GlobalSection(SolutionProperties) = preSolution
		HideSolutionNode = FALSE
	EndGlobalSection
	GlobalSection(NestedProjects) = preSolution
		{16C539F2-F89C-47E4-BE7D-A219BE7F9999} = {3D8D9E7A-AE95-440C-A23D-F0A92E2A55BE}
		{BAFCA2D4-723E-4A11-B6D3-4EF3AB962C60} = {3D8D9E7A-AE95-440C-A23D-F0A92E2A55BE}
		{DB91B863-A7E9-4C32-A4C1-679FF58A4147} = {2D0935BD-116C-4A0E-AC51-0825EDB59572}
		{EA71074E-2722-49DC-AC8E-3A331811C1C5} = {2D0935BD-116C-4A0E-AC51-0825EDB59572}
		{23F9BCC0-0FEA-4167-8F51-DA85183CDC90} = {56CCEAA6-8C54-40F2-B9EC-6BB47270DF41}
		{C5184A56-27D9-46B0-9B28-6BFB53C7BB25} = {4469293F-42C2-4583-9C2B-EC6B634E1324}
		{3799C1DF-927E-487F-97FE-5A724271D08C} = {56CCEAA6-8C54-40F2-B9EC-6BB47270DF41}
	EndGlobalSection
	GlobalSection(ExtensibilityGlobals) = postSolution
		SolutionGuid = {A855E6C0-9F62-49E1-89D1-11CEB49CA182}
	EndGlobalSection
EndGlobal
